
Microsoft Visual Studio Solution File, Format Version 12.00
# Visual Studio Version 17
VisualStudioVersion = 17.11.35327.3
MinimumVisualStudioVersion = 10.0.40219.1
Project("{9A19103F-16F7-4668-BE54-9A1E7A4F7556}") = "PhoneFlip.Web", "PhoneFlip.Web\PhoneFlip.Web.csproj", "{0C72D65D-1CC6-43CC-B679-383299992092}"
EndProject
Project("{2150E333-8FDC-42A3-9474-1A3956D46DE8}") = "Web", "Web", "{B2633CF9-E803-4803-98E9-A21B6992B6B9}"
EndProject
Project("{2150E333-8FDC-42A3-9474-1A3956D46DE8}") = "Data", "Data", "{5863AFF1-7441-4D9A-8FFC-937E1EEB9800}"
EndProject
Project("{9A19103F-16F7-4668-BE54-9A1E7A4F7556}") = "PhoneFlip.Data", "PhoneFlip.Data\PhoneFlip.Data.csproj", "{49A963FC-C2C7-46F0-883C-A1DCC498A88B}"
EndProject
Project("{9A19103F-16F7-4668-BE54-9A1E7A4F7556}") = "PhoneFlip.Data.Models", "PhoneFlip.Data.Models\PhoneFlip.Data.Models.csproj", "{08BEABF7-6D82-4169-9AAB-A4CFB1DA240D}"
EndProject
Project("{2150E333-8FDC-42A3-9474-1A3956D46DE8}") = "Services", "Services", "{ED0EB78C-D205-45BA-81EF-68AF518E9CB4}"
EndProject
Project("{9A19103F-16F7-4668-BE54-9A1E7A4F7556}") = "PhoneFlip.Services.Data", "PhoneFlip.Services.Data\PhoneFlip.Services.Data.csproj", "{132580D5-06EC-40DD-A312-5C6BD659B654}"
EndProject
Project("{9A19103F-16F7-4668-BE54-9A1E7A4F7556}") = "PhoneFlip.Services.Mapping", "PhoneFlip.Services.Mapping\PhoneFlip.Services.Mapping.csproj", "{68DD6FA0-122E-4C21-82F3-DEF729F3A837}"
EndProject
Project("{9A19103F-16F7-4668-BE54-9A1E7A4F7556}") = "PhoneFlip.Web.Infrastructure", "PhoneFlip.Web.Infrastructure\PhoneFlip.Web.Infrastructure.csproj", "{BA4F54B9-6C04-40BC-A5AB-CB07825B3306}"
EndProject
Project("{9A19103F-16F7-4668-BE54-9A1E7A4F7556}") = "PhoneFlip.Web.ViewModels", "PhoneFlip.Web.ViewModels\PhoneFlip.Web.ViewModels.csproj", "{AE3F9FE7-7DB5-4248-8DE4-FD6EA3C8A068}"
EndProject
Project("{FAE04EC0-301F-11D3-BF4B-00C04F79EFBC}") = "PhoneFlip.Common", "PhoneFlip.Common\PhoneFlip.Common.csproj", "{5081D739-1B5B-4628-8068-D903D8D6E6FC}"
EndProject
Project("{FAE04EC0-301F-11D3-BF4B-00C04F79EFBC}") = "PhoneFlip.WebApi", "PhoneFlip.WebApi\PhoneFlip.WebApi.csproj", "{69B0B303-A3AD-45F5-A4EB-6599C787E6AA}"
EndProject
Global
	GlobalSection(SolutionConfigurationPlatforms) = preSolution
		Debug|Any CPU = Debug|Any CPU
		Release|Any CPU = Release|Any CPU
	EndGlobalSection
	GlobalSection(ProjectConfigurationPlatforms) = postSolution
		{0C72D65D-1CC6-43CC-B679-383299992092}.Debug|Any CPU.ActiveCfg = Debug|Any CPU
		{0C72D65D-1CC6-43CC-B679-383299992092}.Debug|Any CPU.Build.0 = Debug|Any CPU
		{0C72D65D-1CC6-43CC-B679-383299992092}.Release|Any CPU.ActiveCfg = Release|Any CPU
		{0C72D65D-1CC6-43CC-B679-383299992092}.Release|Any CPU.Build.0 = Release|Any CPU
		{49A963FC-C2C7-46F0-883C-A1DCC498A88B}.Debug|Any CPU.ActiveCfg = Debug|Any CPU
		{49A963FC-C2C7-46F0-883C-A1DCC498A88B}.Debug|Any CPU.Build.0 = Debug|Any CPU
		{49A963FC-C2C7-46F0-883C-A1DCC498A88B}.Release|Any CPU.ActiveCfg = Release|Any CPU
		{49A963FC-C2C7-46F0-883C-A1DCC498A88B}.Release|Any CPU.Build.0 = Release|Any CPU
		{08BEABF7-6D82-4169-9AAB-A4CFB1DA240D}.Debug|Any CPU.ActiveCfg = Debug|Any CPU
		{08BEABF7-6D82-4169-9AAB-A4CFB1DA240D}.Debug|Any CPU.Build.0 = Debug|Any CPU
		{08BEABF7-6D82-4169-9AAB-A4CFB1DA240D}.Release|Any CPU.ActiveCfg = Release|Any CPU
		{08BEABF7-6D82-4169-9AAB-A4CFB1DA240D}.Release|Any CPU.Build.0 = Release|Any CPU
		{132580D5-06EC-40DD-A312-5C6BD659B654}.Debug|Any CPU.ActiveCfg = Debug|Any CPU
		{132580D5-06EC-40DD-A312-5C6BD659B654}.Debug|Any CPU.Build.0 = Debug|Any CPU
		{132580D5-06EC-40DD-A312-5C6BD659B654}.Release|Any CPU.ActiveCfg = Release|Any CPU
		{132580D5-06EC-40DD-A312-5C6BD659B654}.Release|Any CPU.Build.0 = Release|Any CPU
		{68DD6FA0-122E-4C21-82F3-DEF729F3A837}.Debug|Any CPU.ActiveCfg = Debug|Any CPU
		{68DD6FA0-122E-4C21-82F3-DEF729F3A837}.Debug|Any CPU.Build.0 = Debug|Any CPU
		{68DD6FA0-122E-4C21-82F3-DEF729F3A837}.Release|Any CPU.ActiveCfg = Release|Any CPU
		{68DD6FA0-122E-4C21-82F3-DEF729F3A837}.Release|Any CPU.Build.0 = Release|Any CPU
		{BA4F54B9-6C04-40BC-A5AB-CB07825B3306}.Debug|Any CPU.ActiveCfg = Debug|Any CPU
		{BA4F54B9-6C04-40BC-A5AB-CB07825B3306}.Debug|Any CPU.Build.0 = Debug|Any CPU
		{BA4F54B9-6C04-40BC-A5AB-CB07825B3306}.Release|Any CPU.ActiveCfg = Release|Any CPU
		{BA4F54B9-6C04-40BC-A5AB-CB07825B3306}.Release|Any CPU.Build.0 = Release|Any CPU
		{AE3F9FE7-7DB5-4248-8DE4-FD6EA3C8A068}.Debug|Any CPU.ActiveCfg = Debug|Any CPU
		{AE3F9FE7-7DB5-4248-8DE4-FD6EA3C8A068}.Debug|Any CPU.Build.0 = Debug|Any CPU
		{AE3F9FE7-7DB5-4248-8DE4-FD6EA3C8A068}.Release|Any CPU.ActiveCfg = Release|Any CPU
		{AE3F9FE7-7DB5-4248-8DE4-FD6EA3C8A068}.Release|Any CPU.Build.0 = Release|Any CPU
		{5081D739-1B5B-4628-8068-D903D8D6E6FC}.Debug|Any CPU.ActiveCfg = Debug|Any CPU
		{5081D739-1B5B-4628-8068-D903D8D6E6FC}.Debug|Any CPU.Build.0 = Debug|Any CPU
		{5081D739-1B5B-4628-8068-D903D8D6E6FC}.Release|Any CPU.ActiveCfg = Release|Any CPU
		{5081D739-1B5B-4628-8068-D903D8D6E6FC}.Release|Any CPU.Build.0 = Release|Any CPU
		{69B0B303-A3AD-45F5-A4EB-6599C787E6AA}.Debug|Any CPU.ActiveCfg = Debug|Any CPU
		{69B0B303-A3AD-45F5-A4EB-6599C787E6AA}.Debug|Any CPU.Build.0 = Debug|Any CPU
		{69B0B303-A3AD-45F5-A4EB-6599C787E6AA}.Release|Any CPU.ActiveCfg = Release|Any CPU
		{69B0B303-A3AD-45F5-A4EB-6599C787E6AA}.Release|Any CPU.Build.0 = Release|Any CPU
	EndGlobalSection
	GlobalSection(SolutionProperties) = preSolution
		HideSolutionNode = FALSE
	EndGlobalSection
	GlobalSection(NestedProjects) = preSolution
		{0C72D65D-1CC6-43CC-B679-383299992092} = {B2633CF9-E803-4803-98E9-A21B6992B6B9}
		{49A963FC-C2C7-46F0-883C-A1DCC498A88B} = {5863AFF1-7441-4D9A-8FFC-937E1EEB9800}
		{08BEABF7-6D82-4169-9AAB-A4CFB1DA240D} = {5863AFF1-7441-4D9A-8FFC-937E1EEB9800}
		{132580D5-06EC-40DD-A312-5C6BD659B654} = {ED0EB78C-D205-45BA-81EF-68AF518E9CB4}
		{68DD6FA0-122E-4C21-82F3-DEF729F3A837} = {ED0EB78C-D205-45BA-81EF-68AF518E9CB4}
		{BA4F54B9-6C04-40BC-A5AB-CB07825B3306} = {B2633CF9-E803-4803-98E9-A21B6992B6B9}
		{AE3F9FE7-7DB5-4248-8DE4-FD6EA3C8A068} = {B2633CF9-E803-4803-98E9-A21B6992B6B9}
		{69B0B303-A3AD-45F5-A4EB-6599C787E6AA} = {B2633CF9-E803-4803-98E9-A21B6992B6B9}
	EndGlobalSection
	GlobalSection(ExtensibilityGlobals) = postSolution
		SolutionGuid = {3C2E208D-736D-40DF-AAA6-9AE5A30A8349}
	EndGlobalSection
EndGlobal
